
Microsoft Visual Studio Solution File, Format Version 12.00
# Visual Studio Version 16
VisualStudioVersion = 16.0.31624.102
MinimumVisualStudioVersion = 10.0.40219.1
Project("{2150E333-8FDC-42A3-9474-1A3956D46DE8}") = "SOLID", "SOLID", "{29ABD4BB-2AF3-4113-8A10-5DB00D8E547F}"
EndProject
Project("{FAE04EC0-301F-11D3-BF4B-00C04F79EFBC}") = "Srp", "Srp\Srp.csproj", "{7E0433F1-BBD5-42A8-AB8D-9B62B40BA219}"
EndProject
Project("{FAE04EC0-301F-11D3-BF4B-00C04F79EFBC}") = "Ocp", "Ocp\Ocp.csproj", "{9216E075-0273-445C-A2B5-54482365FE0A}"
EndProject
Project("{FAE04EC0-301F-11D3-BF4B-00C04F79EFBC}") = "Isp", "Isp\Isp.csproj", "{1BD9DA07-26DF-4D5D-AEB0-AE042DC41E16}"
EndProject
Project("{FAE04EC0-301F-11D3-BF4B-00C04F79EFBC}") = "Lsp", "Lsp\Lsp.csproj", "{ED2B2966-846A-4A22-9A3F-E5023554626C}"
EndProject
Project("{FAE04EC0-301F-11D3-BF4B-00C04F79EFBC}") = "Dip", "Dip\Dip.csproj", "{3FB07EA1-E958-4E6C-9901-A00F131C99D7}"
EndProject
Project("{2150E333-8FDC-42A3-9474-1A3956D46DE8}") = "Criacionais", "Criacionais", "{1C420187-1EBF-490E-90F0-17017C4B2AC2}"
EndProject
Project("{2150E333-8FDC-42A3-9474-1A3956D46DE8}") = "Estruturais", "Estruturais", "{2FAFD2E6-1569-4B90-B926-97138E07735F}"
EndProject
Project("{2150E333-8FDC-42A3-9474-1A3956D46DE8}") = "Comportamentais", "Comportamentais", "{0CE45186-A738-490F-9586-979EC700783D}"
EndProject
Project("{FAE04EC0-301F-11D3-BF4B-00C04F79EFBC}") = "Factory", "Factory\Factory.csproj", "{99B72CC0-8BF7-432B-A9C8-1B9A64282A3A}"
EndProject
Global
	GlobalSection(SolutionConfigurationPlatforms) = preSolution
		Debug|Any CPU = Debug|Any CPU
		Release|Any CPU = Release|Any CPU
	EndGlobalSection
	GlobalSection(ProjectConfigurationPlatforms) = postSolution
		{7E0433F1-BBD5-42A8-AB8D-9B62B40BA219}.Debug|Any CPU.ActiveCfg = Debug|Any CPU
		{7E0433F1-BBD5-42A8-AB8D-9B62B40BA219}.Debug|Any CPU.Build.0 = Debug|Any CPU
		{7E0433F1-BBD5-42A8-AB8D-9B62B40BA219}.Release|Any CPU.ActiveCfg = Release|Any CPU
		{7E0433F1-BBD5-42A8-AB8D-9B62B40BA219}.Release|Any CPU.Build.0 = Release|Any CPU
		{9216E075-0273-445C-A2B5-54482365FE0A}.Debug|Any CPU.ActiveCfg = Debug|Any CPU
		{9216E075-0273-445C-A2B5-54482365FE0A}.Debug|Any CPU.Build.0 = Debug|Any CPU
		{9216E075-0273-445C-A2B5-54482365FE0A}.Release|Any CPU.ActiveCfg = Release|Any CPU
		{9216E075-0273-445C-A2B5-54482365FE0A}.Release|Any CPU.Build.0 = Release|Any CPU
		{1BD9DA07-26DF-4D5D-AEB0-AE042DC41E16}.Debug|Any CPU.ActiveCfg = Debug|Any CPU
		{1BD9DA07-26DF-4D5D-AEB0-AE042DC41E16}.Debug|Any CPU.Build.0 = Debug|Any CPU
		{1BD9DA07-26DF-4D5D-AEB0-AE042DC41E16}.Release|Any CPU.ActiveCfg = Release|Any CPU
		{1BD9DA07-26DF-4D5D-AEB0-AE042DC41E16}.Release|Any CPU.Build.0 = Release|Any CPU
		{ED2B2966-846A-4A22-9A3F-E5023554626C}.Debug|Any CPU.ActiveCfg = Debug|Any CPU
		{ED2B2966-846A-4A22-9A3F-E5023554626C}.Debug|Any CPU.Build.0 = Debug|Any CPU
		{ED2B2966-846A-4A22-9A3F-E5023554626C}.Release|Any CPU.ActiveCfg = Release|Any CPU
		{ED2B2966-846A-4A22-9A3F-E5023554626C}.Release|Any CPU.Build.0 = Release|Any CPU
		{3FB07EA1-E958-4E6C-9901-A00F131C99D7}.Debug|Any CPU.ActiveCfg = Debug|Any CPU
		{3FB07EA1-E958-4E6C-9901-A00F131C99D7}.Debug|Any CPU.Build.0 = Debug|Any CPU
		{3FB07EA1-E958-4E6C-9901-A00F131C99D7}.Release|Any CPU.ActiveCfg = Release|Any CPU
		{3FB07EA1-E958-4E6C-9901-A00F131C99D7}.Release|Any CPU.Build.0 = Release|Any CPU
		{99B72CC0-8BF7-432B-A9C8-1B9A64282A3A}.Debug|Any CPU.ActiveCfg = Debug|Any CPU
		{99B72CC0-8BF7-432B-A9C8-1B9A64282A3A}.Debug|Any CPU.Build.0 = Debug|Any CPU
		{99B72CC0-8BF7-432B-A9C8-1B9A64282A3A}.Release|Any CPU.ActiveCfg = Release|Any CPU
		{99B72CC0-8BF7-432B-A9C8-1B9A64282A3A}.Release|Any CPU.Build.0 = Release|Any CPU
	EndGlobalSection
	GlobalSection(SolutionProperties) = preSolution
		HideSolutionNode = FALSE
	EndGlobalSection
	GlobalSection(NestedProjects) = preSolution
		{7E0433F1-BBD5-42A8-AB8D-9B62B40BA219} = {29ABD4BB-2AF3-4113-8A10-5DB00D8E547F}
		{9216E075-0273-445C-A2B5-54482365FE0A} = {29ABD4BB-2AF3-4113-8A10-5DB00D8E547F}
		{1BD9DA07-26DF-4D5D-AEB0-AE042DC41E16} = {29ABD4BB-2AF3-4113-8A10-5DB00D8E547F}
		{ED2B2966-846A-4A22-9A3F-E5023554626C} = {29ABD4BB-2AF3-4113-8A10-5DB00D8E547F}
		{3FB07EA1-E958-4E6C-9901-A00F131C99D7} = {29ABD4BB-2AF3-4113-8A10-5DB00D8E547F}
		{99B72CC0-8BF7-432B-A9C8-1B9A64282A3A} = {1C420187-1EBF-490E-90F0-17017C4B2AC2}
	EndGlobalSection
	GlobalSection(ExtensibilityGlobals) = postSolution
		SolutionGuid = {AF9C39FF-2DE6-49AE-9F81-F00DAEA0001B}
	EndGlobalSection
EndGlobal
